# THIS IS AN AUTOGENERATED FILE. DO NOT EDIT THIS FILE DIRECTLY.
# yarn lockfile v1


"@babel/runtime@^7.12.1", "@babel/runtime@^7.6.3", "@babel/runtime@^7.9.2":
  version "7.19.4"
  resolved "https://registry.yarnpkg.com/@babel/runtime/-/runtime-7.19.4.tgz#a42f814502ee467d55b38dd1c256f53a7b885c78"
  integrity sha512-EXpLCrk55f+cYqmHsSR+yD/0gAIMxxA9QK9lnQWzhMCvt+YmoBN7Zx94s++Kv0+unHk39vxNO8t+CMA2WSS3wA==
  dependencies:
    regenerator-runtime "^0.13.4"

"@esbuild/android-arm@0.15.12":
  version "0.15.12"
  resolved "https://registry.yarnpkg.com/@esbuild/android-arm/-/android-arm-0.15.12.tgz#e548b10a5e55b9e10537a049ebf0bc72c453b769"
  integrity sha512-IC7TqIqiyE0MmvAhWkl/8AEzpOtbhRNDo7aph47We1NbE5w2bt/Q+giAhe0YYeVpYnIhGMcuZY92qDK6dQauvA==

"@esbuild/linux-loong64@0.15.12":
  version "0.15.12"
  resolved "https://registry.yarnpkg.com/@esbuild/linux-loong64/-/linux-loong64-0.15.12.tgz#475b33a2631a3d8ca8aa95ee127f9a61d95bf9c1"
  integrity sha512-tZEowDjvU7O7I04GYvWQOS4yyP9E/7YlsB0jjw1Ycukgr2ycEzKyIk5tms5WnLBymaewc6VmRKnn5IJWgK4eFw==

"@redux-saga/core@^1.2.1":
  version "1.2.1"
  resolved "https://registry.yarnpkg.com/@redux-saga/core/-/core-1.2.1.tgz#3680989621517d075a2cc85e0d2744b682990ed8"
  integrity sha512-ABCxsZy9DwmNoYNo54ZlfuTvh77RXx8ODKpxOHeWam2dOaLGQ7vAktpfOtqSeTdYrKEORtTeWnxkGJMmPOoukg==
  dependencies:
    "@babel/runtime" "^7.6.3"
    "@redux-saga/deferred" "^1.2.1"
    "@redux-saga/delay-p" "^1.2.1"
    "@redux-saga/is" "^1.1.3"
    "@redux-saga/symbols" "^1.1.3"
    "@redux-saga/types" "^1.2.1"
    redux "^4.0.4"
    typescript-tuple "^2.2.1"

"@redux-saga/deferred@^1.2.1":
  version "1.2.1"
  resolved "https://registry.yarnpkg.com/@redux-saga/deferred/-/deferred-1.2.1.tgz#aca373a08ccafd6f3481037f2f7ee97f2c87c3ec"
  integrity sha512-cmin3IuuzMdfQjA0lG4B+jX+9HdTgHZZ+6u3jRAOwGUxy77GSlTi4Qp2d6PM1PUoTmQUR5aijlA39scWWPF31g==

"@redux-saga/delay-p@^1.2.1":
  version "1.2.1"
  resolved "https://registry.yarnpkg.com/@redux-saga/delay-p/-/delay-p-1.2.1.tgz#e72ac4731c5080a21f75b61bedc31cb639d9e446"
  integrity sha512-MdiDxZdvb1m+Y0s4/hgdcAXntpUytr9g0hpcOO1XFVyyzkrDu3SKPgBFOtHn7lhu7n24ZKIAT1qtKyQjHqRd+w==
  dependencies:
    "@redux-saga/symbols" "^1.1.3"

"@redux-saga/is@^1.1.3":
  version "1.1.3"
  resolved "https://registry.yarnpkg.com/@redux-saga/is/-/is-1.1.3.tgz#b333f31967e87e32b4e6b02c75b78d609dd4ad73"
  integrity sha512-naXrkETG1jLRfVfhOx/ZdLj0EyAzHYbgJWkXbB3qFliPcHKiWbv/ULQryOAEKyjrhiclmr6AMdgsXFyx7/yE6Q==
  dependencies:
    "@redux-saga/symbols" "^1.1.3"
    "@redux-saga/types" "^1.2.1"

"@redux-saga/symbols@^1.1.3":
  version "1.1.3"
  resolved "https://registry.yarnpkg.com/@redux-saga/symbols/-/symbols-1.1.3.tgz#b731d56201719e96dc887dc3ae9016e761654367"
  integrity sha512-hCx6ZvU4QAEUojETnX8EVg4ubNLBFl1Lps4j2tX7o45x/2qg37m3c6v+kSp8xjDJY+2tJw4QB3j8o8dsl1FDXg==

"@redux-saga/types@^1.2.1":
  version "1.2.1"
  resolved "https://registry.yarnpkg.com/@redux-saga/types/-/types-1.2.1.tgz#9403f51c17cae37edf870c6bc0c81c1ece5ccef8"
  integrity sha512-1dgmkh+3so0+LlBWRhGA33ua4MYr7tUOj+a9Si28vUi0IUFNbff1T3sgpeDJI/LaC75bBYnQ0A3wXjn0OrRNBA==

"@reduxjs/toolkit@^1.9.0":
  version "1.9.0"
  resolved "https://registry.yarnpkg.com/@reduxjs/toolkit/-/toolkit-1.9.0.tgz#76b264fcea677d256b18f86cc77e00743a9e02b0"
  integrity sha512-ak11IrjYcUXRqlhNPwnz6AcvA2ynJTu8PzDbbqQw4a3xR4KZtgiqbNblQD+10CRbfK4+5C79SOyxnT9dhBqFnA==
  dependencies:
    immer "^9.0.16"
    redux "^4.2.0"
    redux-thunk "^2.4.2"
    reselect "^4.1.7"

"@types/hoist-non-react-statics@^3.3.1":
  version "3.3.1"
  resolved "https://registry.yarnpkg.com/@types/hoist-non-react-statics/-/hoist-non-react-statics-3.3.1.tgz#1124aafe5118cb591977aeb1ceaaed1070eb039f"
  integrity sha512-iMIqiko6ooLrTh1joXodJK5X9xeEALT1kM5G3ZLhD3hszxBdIEd5C75U834D9mLcINgD4OyZf5uQXjkuYydWvA==
  dependencies:
    "@types/react" "*"
    hoist-non-react-statics "^3.3.0"

"@types/prop-types@*":
  version "15.7.5"
  resolved "https://registry.yarnpkg.com/@types/prop-types/-/prop-types-15.7.5.tgz#5f19d2b85a98e9558036f6a3cacc8819420f05cf"
  integrity sha512-JCB8C6SnDoQf0cNycqd/35A7MjcnK+ZTqE7judS6o7utxUCg6imJg3QK2qzHKszlTjcj2cn+NwMB2i96ubpj7w==

"@types/react-dom@^18.0.8":
  version "18.0.8"
  resolved "https://registry.yarnpkg.com/@types/react-dom/-/react-dom-18.0.8.tgz#d2606d855186cd42cc1b11e63a71c39525441685"
  integrity sha512-C3GYO0HLaOkk9dDAz3Dl4sbe4AKUGTCfFIZsz3n/82dPNN8Du533HzKatDxeUYWu24wJgMP1xICqkWk1YOLOIw==
  dependencies:
    "@types/react" "*"

"@types/react@*":
  version "18.0.23"
  resolved "https://registry.yarnpkg.com/@types/react/-/react-18.0.23.tgz#4190ecd58b99fa79fe2e67832bdcb287e5f893e4"
  integrity sha512-R1wTULtCiJkudAN2DJGoYYySbGtOdzZyUWAACYinKdiQC8auxso4kLDUhQ7AJ2kh3F6A6z4v69U6tNY39hihVQ==
  dependencies:
    "@types/prop-types" "*"
    "@types/scheduler" "*"
    csstype "^3.0.2"

"@types/react@^18.0.25":
  version "18.0.25"
  resolved "https://registry.yarnpkg.com/@types/react/-/react-18.0.25.tgz#8b1dcd7e56fe7315535a4af25435e0bb55c8ae44"
  integrity sha512-xD6c0KDT4m7n9uD4ZHi02lzskaiqcBxf4zi+tXZY98a04wvc0hi/TcCPC2FOESZi51Nd7tlUeOJY8RofL799/g==
  dependencies:
    "@types/prop-types" "*"
    "@types/scheduler" "*"
    csstype "^3.0.2"

"@types/scheduler@*":
  version "0.16.2"
  resolved "https://registry.yarnpkg.com/@types/scheduler/-/scheduler-0.16.2.tgz#1a62f89525723dde24ba1b01b092bf5df8ad4d39"
  integrity sha512-hppQEBDmlwhFAXKJX2KnWLYu5yMfi91yazPb2l+lbJiwW+wdo1gNeRA+3RgNSO39WYX2euey41KEwnqesU2Jew==

"@types/use-sync-external-store@^0.0.3":
  version "0.0.3"
  resolved "https://registry.yarnpkg.com/@types/use-sync-external-store/-/use-sync-external-store-0.0.3.tgz#b6725d5f4af24ace33b36fafd295136e75509f43"
  integrity sha512-EwmlvuaxPNej9+T4v5AuBPJa2x2UOJVdjCtDHgcDqitUeOtjnJKJ+apYjVcAoBEMjKW1VVFGZLUb5+qqa09XFA==

csstype@^3.0.2:
  version "3.1.1"
  resolved "https://registry.yarnpkg.com/csstype/-/csstype-3.1.1.tgz#841b532c45c758ee546a11d5bd7b7b473c8c30b9"
  integrity sha512-DJR/VvkAvSZW9bTouZue2sSxDwdTN92uHjqeKVm+0dAqdfNykRzQ95tay8aXMBAAPpUiq4Qcug2L7neoRh2Egw==

esbuild-android-64@0.15.12:
  version "0.15.12"
  resolved "https://registry.yarnpkg.com/esbuild-android-64/-/esbuild-android-64-0.15.12.tgz#5e8151d5f0a748c71a7fbea8cee844ccf008e6fc"
  integrity sha512-MJKXwvPY9g0rGps0+U65HlTsM1wUs9lbjt5CU19RESqycGFDRijMDQsh68MtbzkqWSRdEtiKS1mtPzKneaAI0Q==

esbuild-android-arm64@0.15.12:
  version "0.15.12"
  resolved "https://registry.yarnpkg.com/esbuild-android-arm64/-/esbuild-android-arm64-0.15.12.tgz#5ee72a6baa444bc96ffcb472a3ba4aba2cc80666"
  integrity sha512-Hc9SEcZbIMhhLcvhr1DH+lrrec9SFTiRzfJ7EGSBZiiw994gfkVV6vG0sLWqQQ6DD7V4+OggB+Hn0IRUdDUqvA==

esbuild-darwin-64@0.15.12:
  version "0.15.12"
  resolved "https://registry.yarnpkg.com/esbuild-darwin-64/-/esbuild-darwin-64-0.15.12.tgz#70047007e093fa1b3ba7ef86f9b3fa63db51fe25"
  integrity sha512-qkmqrTVYPFiePt5qFjP8w/S+GIUMbt6k8qmiPraECUWfPptaPJUGkCKrWEfYFRWB7bY23FV95rhvPyh/KARP8Q==

esbuild-darwin-arm64@0.15.12:
  version "0.15.12"
  resolved "https://registry.yarnpkg.com/esbuild-darwin-arm64/-/esbuild-darwin-arm64-0.15.12.tgz#41c951f23d9a70539bcca552bae6e5196696ae04"
  integrity sha512-z4zPX02tQ41kcXMyN3c/GfZpIjKoI/BzHrdKUwhC/Ki5BAhWv59A9M8H+iqaRbwpzYrYidTybBwiZAIWCLJAkw==

esbuild-freebsd-64@0.15.12:
  version "0.15.12"
  resolved "https://registry.yarnpkg.com/esbuild-freebsd-64/-/esbuild-freebsd-64-0.15.12.tgz#a761b5afd12bbedb7d56c612e9cfa4d2711f33f0"
  integrity sha512-XFL7gKMCKXLDiAiBjhLG0XECliXaRLTZh6hsyzqUqPUf/PY4C6EJDTKIeqqPKXaVJ8+fzNek88285krSz1QECw==

esbuild-freebsd-arm64@0.15.12:
  version "0.15.12"
  resolved "https://registry.yarnpkg.com/esbuild-freebsd-arm64/-/esbuild-freebsd-arm64-0.15.12.tgz#6b0839d4d58deabc6cbd96276eb8cbf94f7f335e"
  integrity sha512-jwEIu5UCUk6TjiG1X+KQnCGISI+ILnXzIzt9yDVrhjug2fkYzlLbl0K43q96Q3KB66v6N1UFF0r5Ks4Xo7i72g==

esbuild-linux-32@0.15.12:
  version "0.15.12"
  resolved "https://registry.yarnpkg.com/esbuild-linux-32/-/esbuild-linux-32-0.15.12.tgz#bd50bfe22514d434d97d5150977496e2631345b4"
  integrity sha512-uSQuSEyF1kVzGzuIr4XM+v7TPKxHjBnLcwv2yPyCz8riV8VUCnO/C4BF3w5dHiVpCd5Z1cebBtZJNlC4anWpwA==

esbuild-linux-64@0.15.12:
  version "0.15.12"
  resolved "https://registry.yarnpkg.com/esbuild-linux-64/-/esbuild-linux-64-0.15.12.tgz#074bb2b194bf658245f8490f29c01ffcdfa8c931"
  integrity sha512-QcgCKb7zfJxqT9o5z9ZUeGH1k8N6iX1Y7VNsEi5F9+HzN1OIx7ESxtQXDN9jbeUSPiRH1n9cw6gFT3H4qbdvcA==

esbuild-linux-arm64@0.15.12:
  version "0.15.12"
  resolved "https://registry.yarnpkg.com/esbuild-linux-arm64/-/esbuild-linux-arm64-0.15.12.tgz#3bf789c4396dc032875a122988efd6f3733f28f5"
  integrity sha512-HtNq5xm8fUpZKwWKS2/YGwSfTF+339L4aIA8yphNKYJckd5hVdhfdl6GM2P3HwLSCORS++++7++//ApEwXEuAQ==

esbuild-linux-arm@0.15.12:
  version "0.15.12"
  resolved "https://registry.yarnpkg.com/esbuild-linux-arm/-/esbuild-linux-arm-0.15.12.tgz#b91b5a8d470053f6c2c9c8a5e67ec10a71fe4a67"
  integrity sha512-Wf7T0aNylGcLu7hBnzMvsTfEXdEdJY/hY3u36Vla21aY66xR0MS5I1Hw8nVquXjTN0A6fk/vnr32tkC/C2lb0A==

esbuild-linux-mips64le@0.15.12:
  version "0.15.12"
  resolved "https://registry.yarnpkg.com/esbuild-linux-mips64le/-/esbuild-linux-mips64le-0.15.12.tgz#2fb54099ada3c950a7536dfcba46172c61e580e2"
  integrity sha512-Qol3+AvivngUZkTVFgLpb0H6DT+N5/zM3V1YgTkryPYFeUvuT5JFNDR3ZiS6LxhyF8EE+fiNtzwlPqMDqVcc6A==

esbuild-linux-ppc64le@0.15.12:
  version "0.15.12"
  resolved "https://registry.yarnpkg.com/esbuild-linux-ppc64le/-/esbuild-linux-ppc64le-0.15.12.tgz#9e3b8c09825fb27886249dfb3142a750df29a1b7"
  integrity sha512-4D8qUCo+CFKaR0cGXtGyVsOI7w7k93Qxb3KFXWr75An0DHamYzq8lt7TNZKoOq/Gh8c40/aKaxvcZnTgQ0TJNg==

esbuild-linux-riscv64@0.15.12:
  version "0.15.12"
  resolved "https://registry.yarnpkg.com/esbuild-linux-riscv64/-/esbuild-linux-riscv64-0.15.12.tgz#923d0f5b6e12ee0d1fe116b08e4ae4478fe40693"
  integrity sha512-G9w6NcuuCI6TUUxe6ka0enjZHDnSVK8bO+1qDhMOCtl7Tr78CcZilJj8SGLN00zO5iIlwNRZKHjdMpfFgNn1VA==

esbuild-linux-s390x@0.15.12:
  version "0.15.12"
  resolved "https://registry.yarnpkg.com/esbuild-linux-s390x/-/esbuild-linux-s390x-0.15.12.tgz#3b1620220482b96266a0c6d9d471d451a1eab86f"
  integrity sha512-Lt6BDnuXbXeqSlVuuUM5z18GkJAZf3ERskGZbAWjrQoi9xbEIsj/hEzVnSAFLtkfLuy2DE4RwTcX02tZFunXww==

esbuild-netbsd-64@0.15.12:
  version "0.15.12"
  resolved "https://registry.yarnpkg.com/esbuild-netbsd-64/-/esbuild-netbsd-64-0.15.12.tgz#276730f80da646859b1af5a740e7802d8cd73e42"
  integrity sha512-jlUxCiHO1dsqoURZDQts+HK100o0hXfi4t54MNRMCAqKGAV33JCVvMplLAa2FwviSojT/5ZG5HUfG3gstwAG8w==

esbuild-openbsd-64@0.15.12:
  version "0.15.12"
  resolved "https://registry.yarnpkg.com/esbuild-openbsd-64/-/esbuild-openbsd-64-0.15.12.tgz#bd0eea1dd2ca0722ed489d88c26714034429f8ae"
  integrity sha512-1o1uAfRTMIWNOmpf8v7iudND0L6zRBYSH45sofCZywrcf7NcZA+c7aFsS1YryU+yN7aRppTqdUK1PgbZVaB1Dw==

esbuild-sunos-64@0.15.12:
  version "0.15.12"
  resolved "https://registry.yarnpkg.com/esbuild-sunos-64/-/esbuild-sunos-64-0.15.12.tgz#5e56bf9eef3b2d92360d6d29dcde7722acbecc9e"
  integrity sha512-nkl251DpoWoBO9Eq9aFdoIt2yYmp4I3kvQjba3jFKlMXuqQ9A4q+JaqdkCouG3DHgAGnzshzaGu6xofGcXyPXg==

esbuild-windows-32@0.15.12:
  version "0.15.12"
  resolved "https://registry.yarnpkg.com/esbuild-windows-32/-/esbuild-windows-32-0.15.12.tgz#a4f1a301c1a2fa7701fcd4b91ef9d2620cf293d0"
  integrity sha512-WlGeBZHgPC00O08luIp5B2SP4cNCp/PcS+3Pcg31kdcJPopHxLkdCXtadLU9J82LCfw4TVls21A6lilQ9mzHrw==

esbuild-windows-64@0.15.12:
  version "0.15.12"
  resolved "https://registry.yarnpkg.com/esbuild-windows-64/-/esbuild-windows-64-0.15.12.tgz#bc2b467541744d653be4fe64eaa9b0dbbf8e07f6"
  integrity sha512-VActO3WnWZSN//xjSfbiGOSyC+wkZtI8I4KlgrTo5oHJM6z3MZZBCuFaZHd8hzf/W9KPhF0lY8OqlmWC9HO5AA==

esbuild-windows-arm64@0.15.12:
  version "0.15.12"
  resolved "https://registry.yarnpkg.com/esbuild-windows-arm64/-/esbuild-windows-arm64-0.15.12.tgz#9a7266404334a86be800957eaee9aef94c3df328"
  integrity sha512-Of3MIacva1OK/m4zCNIvBfz8VVROBmQT+gRX6pFTLPngFYcj6TFH/12VveAqq1k9VB2l28EoVMNMUCcmsfwyuA==

esbuild@^0.15.9:
  version "0.15.12"
  resolved "https://registry.yarnpkg.com/esbuild/-/esbuild-0.15.12.tgz#6c8e22d6d3b7430d165c33848298d3fc9a1f251c"
  integrity sha512-PcT+/wyDqJQsRVhaE9uX/Oq4XLrFh0ce/bs2TJh4CSaw9xuvI+xFrH2nAYOADbhQjUgAhNWC5LKoUsakm4dxng==
  optionalDependencies:
    "@esbuild/android-arm" "0.15.12"
    "@esbuild/linux-loong64" "0.15.12"
    esbuild-android-64 "0.15.12"
    esbuild-android-arm64 "0.15.12"
    esbuild-darwin-64 "0.15.12"
    esbuild-darwin-arm64 "0.15.12"
    esbuild-freebsd-64 "0.15.12"
    esbuild-freebsd-arm64 "0.15.12"
    esbuild-linux-32 "0.15.12"
    esbuild-linux-64 "0.15.12"
    esbuild-linux-arm "0.15.12"
    esbuild-linux-arm64 "0.15.12"
    esbuild-linux-mips64le "0.15.12"
    esbuild-linux-ppc64le "0.15.12"
    esbuild-linux-riscv64 "0.15.12"
    esbuild-linux-s390x "0.15.12"
    esbuild-netbsd-64 "0.15.12"
    esbuild-openbsd-64 "0.15.12"
    esbuild-sunos-64 "0.15.12"
    esbuild-windows-32 "0.15.12"
    esbuild-windows-64 "0.15.12"
    esbuild-windows-arm64 "0.15.12"

fsevents@~2.3.2:
  version "2.3.2"
  resolved "https://registry.yarnpkg.com/fsevents/-/fsevents-2.3.2.tgz#8a526f78b8fdf4623b709e0b975c52c24c02fd1a"
  integrity sha512-xiqMQR4xAeHTuB9uWm+fFRcIOgKBMiOBP+eXiyT7jsgVCq1bkVygt00oASowB7EdtpOHaaPgKt812P9ab+DDKA==

function-bind@^1.1.1:
  version "1.1.1"
  resolved "https://registry.yarnpkg.com/function-bind/-/function-bind-1.1.1.tgz#a56899d3ea3c9bab874bb9773b7c5ede92f4895d"
  integrity sha512-yIovAzMX49sF8Yl58fSCWJ5svSLuaibPxXQJFLmBObTuCr0Mf1KiPopGM9NiFjiYBCbfaa2Fh6breQ6ANVTI0A==

has@^1.0.3:
  version "1.0.3"
  resolved "https://registry.yarnpkg.com/has/-/has-1.0.3.tgz#722d7cbfc1f6aa8241f16dd814e011e1f41e8796"
  integrity sha512-f2dvO0VU6Oej7RkWJGrehjbzMAjFp5/VKPp5tTpWIV4JHHZK1/BxbFRtf/siA2SWTe09caDmVtYYzWEIbBS4zw==
  dependencies:
    function-bind "^1.1.1"

hoist-non-react-statics@^3.3.0, hoist-non-react-statics@^3.3.2:
  version "3.3.2"
  resolved "https://registry.yarnpkg.com/hoist-non-react-statics/-/hoist-non-react-statics-3.3.2.tgz#ece0acaf71d62c2969c2ec59feff42a4b1a85b45"
  integrity sha512-/gGivxi8JPKWNm/W0jSmzcMPpfpPLc3dY/6GxhX2hQ9iGj3aDfklV4ET7NjKpSinLpJ5vafa9iiGIEZg10SfBw==
  dependencies:
    react-is "^16.7.0"

immer@^9.0.16:
  version "9.0.16"
  resolved "https://registry.yarnpkg.com/immer/-/immer-9.0.16.tgz#8e7caab80118c2b54b37ad43e05758cdefad0198"
  integrity sha512-qenGE7CstVm1NrHQbMh8YaSzTZTFNP3zPqr3YU0S0UY441j4bJTg4A2Hh5KAhwgaiU6ZZ1Ar6y/2f4TblnMReQ==

is-core-module@^2.9.0:
  version "2.11.0"
  resolved "https://registry.yarnpkg.com/is-core-module/-/is-core-module-2.11.0.tgz#ad4cb3e3863e814523c96f3f58d26cc570ff0144"
  integrity sha512-RRjxlvLDkD1YJwDbroBHMb+cukurkDWNyHx7D3oNB5x9rb5ogcksMC5wHCadcXoo67gVr/+3GFySh3134zi6rw==
  dependencies:
    has "^1.0.3"

"js-tokens@^3.0.0 || ^4.0.0":
  version "4.0.0"
  resolved "https://registry.yarnpkg.com/js-tokens/-/js-tokens-4.0.0.tgz#19203fb59991df98e3a287050d4647cdeaf32499"
  integrity sha512-RdJUflcE3cUzKiMqQgsCu06FPu9UdIJO0beYbPhHN4k6apgJtifcoCtT9bcxOpYBtpD2kCM6Sbzg4CausW/PKQ==

loose-envify@^1.1.0:
  version "1.4.0"
  resolved "https://registry.yarnpkg.com/loose-envify/-/loose-envify-1.4.0.tgz#71ee51fa7be4caec1a63839f7e682d8132d30caf"
  integrity sha512-lyuxPGr/Wfhrlem2CL/UcnUc1zcqKAImBDzukY7Y5F/yQiNdko6+fRLevlw1HgMySw7f611UIY408EtxRSoK3Q==
  dependencies:
    js-tokens "^3.0.0 || ^4.0.0"

nanoid@^3.3.4:
  version "3.3.4"
  resolved "https://registry.yarnpkg.com/nanoid/-/nanoid-3.3.4.tgz#730b67e3cd09e2deacf03c027c81c9d9dbc5e8ab"
  integrity sha512-MqBkQh/OHTS2egovRtLk45wEyNXwF+cokD+1YPf9u5VfJiRdAiRwB2froX5Co9Rh20xs4siNPm8naNotSD6RBw==

path-parse@^1.0.7:
  version "1.0.7"
  resolved "https://registry.yarnpkg.com/path-parse/-/path-parse-1.0.7.tgz#fbc114b60ca42b30d9daf5858e4bd68bbedb6735"
  integrity sha512-LDJzPVEEEPR+y48z93A0Ed0yXb8pAByGWo/k5YYdYgpY2/2EsOsksJrq7lOHxryrVOn1ejG6oAp8ahvOIQD8sw==

picocolors@^1.0.0:
  version "1.0.0"
  resolved "https://registry.yarnpkg.com/picocolors/-/picocolors-1.0.0.tgz#cb5bdc74ff3f51892236eaf79d68bc44564ab81c"
  integrity sha512-1fygroTLlHu66zi26VoTDv8yRgm0Fccecssto+MhsZ0D/DGW2sm8E8AjW7NU5VVTRt5GxbeZ5qBuJr+HyLYkjQ==

postcss@^8.4.18:
  version "8.4.18"
  resolved "https://registry.yarnpkg.com/postcss/-/postcss-8.4.18.tgz#6d50046ea7d3d66a85e0e782074e7203bc7fbca2"
  integrity sha512-Wi8mWhncLJm11GATDaQKobXSNEYGUHeQLiQqDFG1qQ5UTDPTEvKw0Xt5NsTpktGTwLps3ByrWsBrG0rB8YQ9oA==
  dependencies:
    nanoid "^3.3.4"
    picocolors "^1.0.0"
    source-map-js "^1.0.2"

react-dom@^18.2.0:
  version "18.2.0"
  resolved "https://registry.yarnpkg.com/react-dom/-/react-dom-18.2.0.tgz#22aaf38708db2674ed9ada224ca4aa708d821e3d"
  integrity sha512-6IMTriUmvsjHUjNtEDudZfuDQUoWXVxKHhlEGSk81n4YFS+r/Kl99wXiwlVXtPBtJenozv2P+hxDsw9eA7Xo6g==
  dependencies:
    loose-envify "^1.1.0"
    scheduler "^0.23.0"

react-is@^16.7.0:
  version "16.13.1"
  resolved "https://registry.yarnpkg.com/react-is/-/react-is-16.13.1.tgz#789729a4dc36de2999dc156dd6c1d9c18cea56a4"
  integrity sha512-24e6ynE2H+OKt4kqsOvNd8kBpV65zoxbA4BVsEOB3ARVWQki/DHzaUoC5KuON/BiccDaCCTZBuOcfZs70kR8bQ==

react-is@^18.0.0:
  version "18.2.0"
  resolved "https://registry.yarnpkg.com/react-is/-/react-is-18.2.0.tgz#199431eeaaa2e09f86427efbb4f1473edb47609b"
  integrity sha512-xWGDIW6x921xtzPkhiULtthJHoJvBbF3q26fzloPCK0hsvxtPVelvftw3zjbHWSkR2km9Z+4uxbDDK/6Zw9B8w==

react-redux@^8.0.5:
  version "8.0.5"
  resolved "https://registry.yarnpkg.com/react-redux/-/react-redux-8.0.5.tgz#e5fb8331993a019b8aaf2e167a93d10af469c7bd"
  integrity sha512-Q2f6fCKxPFpkXt1qNRZdEDLlScsDWyrgSj0mliK59qU6W5gvBiKkdMEG2lJzhd1rCctf0hb6EtePPLZ2e0m1uw==
  dependencies:
    "@babel/runtime" "^7.12.1"
    "@types/hoist-non-react-statics" "^3.3.1"
    "@types/use-sync-external-store" "^0.0.3"
    hoist-non-react-statics "^3.3.2"
    react-is "^18.0.0"
    use-sync-external-store "^1.0.0"

react@^18.2.0:
  version "18.2.0"
  resolved "https://registry.yarnpkg.com/react/-/react-18.2.0.tgz#555bd98592883255fa00de14f1151a917b5d77d5"
  integrity sha512-/3IjMdb2L9QbBdWiW5e3P2/npwMBaU9mHCSCUzNln0ZCYbcfTsGbTJrU/kGemdH2IWmB2ioZ+zkxtmq6g09fGQ==
  dependencies:
    loose-envify "^1.1.0"

redux-saga@^1.2.1:
  version "1.2.1"
  resolved "https://registry.yarnpkg.com/redux-saga/-/redux-saga-1.2.1.tgz#3d730563c8d980525fa5e333ea1ee6e143452275"
  integrity sha512-fVCicLlf4hLP+KB6H7RHfZlZ8LdYckhaemXBB3wh//a2ESyz/z/l8ygxlm0OqPjS/PARdsQ2hIdAltxEB+NgvA==
  dependencies:
    "@redux-saga/core" "^1.2.1"

redux-thunk@^2.4.2:
  version "2.4.2"
  resolved "https://registry.yarnpkg.com/redux-thunk/-/redux-thunk-2.4.2.tgz#b9d05d11994b99f7a91ea223e8b04cf0afa5ef3b"
  integrity sha512-+P3TjtnP0k/FEjcBL5FZpoovtvrTNT/UXd4/sluaSyrURlSlhLSzEdfsTBW7WsKB6yPvgd7q/iZPICFjW4o57Q==

redux@^4.0.4, redux@^4.2.0:
  version "4.2.0"
  resolved "https://registry.yarnpkg.com/redux/-/redux-4.2.0.tgz#46f10d6e29b6666df758780437651eeb2b969f13"
  integrity sha512-oSBmcKKIuIR4ME29/AeNUnl5L+hvBq7OaJWzaptTQJAntaPvxIJqfnjbaEiCzzaIz+XmVILfqAM3Ob0aXLPfjA==
  dependencies:
    "@babel/runtime" "^7.9.2"

regenerator-runtime@^0.13.4:
  version "0.13.10"
  resolved "https://registry.yarnpkg.com/regenerator-runtime/-/regenerator-runtime-0.13.10.tgz#ed07b19616bcbec5da6274ebc75ae95634bfc2ee"
  integrity sha512-KepLsg4dU12hryUO7bp/axHAKvwGOCV0sGloQtpagJ12ai+ojVDqkeGSiRX1zlq+kjIMZ1t7gpze+26QqtdGqw==

reselect@^4.1.7:
  version "4.1.7"
  resolved "https://registry.yarnpkg.com/reselect/-/reselect-4.1.7.tgz#56480d9ff3d3188970ee2b76527bd94a95567a42"
  integrity sha512-Zu1xbUt3/OPwsXL46hvOOoQrap2azE7ZQbokq61BQfiXvhewsKDwhMeZjTX9sX0nvw1t/U5Audyn1I9P/m9z0A==

resolve@^1.22.1:
  version "1.22.1"
  resolved "https://registry.yarnpkg.com/resolve/-/resolve-1.22.1.tgz#27cb2ebb53f91abb49470a928bba7558066ac177"
  integrity sha512-nBpuuYuY5jFsli/JIs1oldw6fOQCBioohqWZg/2hiaOybXOft4lonv85uDOKXdf8rhyK159cxU5cDcK/NKk8zw==
  dependencies:
    is-core-module "^2.9.0"
    path-parse "^1.0.7"
    supports-preserve-symlinks-flag "^1.0.0"

rollup@^2.79.1:
  version "2.79.1"
  resolved "https://registry.yarnpkg.com/rollup/-/rollup-2.79.1.tgz#bedee8faef7c9f93a2647ac0108748f497f081c7"
  integrity sha512-uKxbd0IhMZOhjAiD5oAFp7BqvkA4Dv47qpOCtaNvng4HBwdbWtdOh8f5nZNuk2rp51PMGk3bzfWu5oayNEuYnw==
  optionalDependencies:
    fsevents "~2.3.2"

scheduler@^0.23.0:
  version "0.23.0"
  resolved "https://registry.yarnpkg.com/scheduler/-/scheduler-0.23.0.tgz#ba8041afc3d30eb206a487b6b384002e4e61fdfe"
  integrity sha512-CtuThmgHNg7zIZWAXi3AsyIzA3n4xx7aNyjwC2VJldO2LMVDhFK+63xGqq6CsJH4rTAt6/M+N4GhZiDYPx9eUw==
  dependencies:
    loose-envify "^1.1.0"

source-map-js@^1.0.2:
  version "1.0.2"
  resolved "https://registry.yarnpkg.com/source-map-js/-/source-map-js-1.0.2.tgz#adbc361d9c62df380125e7f161f71c826f1e490c"
  integrity sha512-R0XvVJ9WusLiqTCEiGCmICCMplcCkIwwR11mOSD9CR5u+IXYdiseeEuXCVAjS54zqwkLcPNnmU4OeJ6tUrWhDw==

supports-preserve-symlinks-flag@^1.0.0:
  version "1.0.0"
  resolved "https://registry.yarnpkg.com/supports-preserve-symlinks-flag/-/supports-preserve-symlinks-flag-1.0.0.tgz#6eda4bd344a3c94aea376d4cc31bc77311039e09"
  integrity sha512-ot0WnXS9fgdkgIcePe6RHNk1WA8+muPa6cSjeR3V8K27q9BB1rTE3R1p7Hv0z1ZyAc8s6Vvv8DIyWf681MAt0w==

typescript-compare@^0.0.2:
  version "0.0.2"
  resolved "https://registry.yarnpkg.com/typescript-compare/-/typescript-compare-0.0.2.tgz#7ee40a400a406c2ea0a7e551efd3309021d5f425"
  integrity sha512-8ja4j7pMHkfLJQO2/8tut7ub+J3Lw2S3061eJLFQcvs3tsmJKp8KG5NtpLn7KcY2w08edF74BSVN7qJS0U6oHA==
  dependencies:
    typescript-logic "^0.0.0"

typescript-logic@^0.0.0:
  version "0.0.0"
  resolved "https://registry.yarnpkg.com/typescript-logic/-/typescript-logic-0.0.0.tgz#66ebd82a2548f2b444a43667bec120b496890196"
  integrity sha512-zXFars5LUkI3zP492ls0VskH3TtdeHCqu0i7/duGt60i5IGPIpAHE/DWo5FqJ6EjQ15YKXrt+AETjv60Dat34Q==

typescript-tuple@^2.2.1:
  version "2.2.1"
  resolved "https://registry.yarnpkg.com/typescript-tuple/-/typescript-tuple-2.2.1.tgz#7d9813fb4b355f69ac55032e0363e8bb0f04dad2"
  integrity sha512-Zcr0lbt8z5ZdEzERHAMAniTiIKerFCMgd7yjq1fPnDJ43et/k9twIFQMUYff9k5oXcsQ0WpvFcgzK2ZKASoW6Q==
  dependencies:
    typescript-compare "^0.0.2"

use-sync-external-store@^1.0.0:
  version "1.2.0"
  resolved "https://registry.yarnpkg.com/use-sync-external-store/-/use-sync-external-store-1.2.0.tgz#7dbefd6ef3fe4e767a0cf5d7287aacfb5846928a"
  integrity sha512-eEgnFxGQ1Ife9bzYs6VLi8/4X6CObHMw9Qr9tPY43iKwsPw8xE8+EFsf/2cFZ5S3esXgpWgtSCtLNS41F+sKPA==

vite@^3.2.3:
  version "3.2.3"
  resolved "https://registry.yarnpkg.com/vite/-/vite-3.2.3.tgz#7a68d9ef73eff7ee6dc0718ad3507adfc86944a7"
  integrity sha512-h8jl1TZ76eGs3o2dIBSsvXDLb1m/Ec1iej8ZMdz+PsaFUsftZeWe2CZOI3qogEsMNaywc17gu0q6cQDzh/weCQ==
  dependencies:
    esbuild "^0.15.9"
    postcss "^8.4.18"
    resolve "^1.22.1"
    rollup "^2.79.1"
  optionalDependencies:
    fsevents "~2.3.2"
